// !$*UTF8*$!
{
	archiveVersion = 1;
	classes = {
	};
	objectVersion = 50;
	objects = {

/* Begin PBXBuildFile section */
		EDE6DCCD220C5E8E00347D76 /* AppDelegate.swift in Sources */ = {isa = PBXBuildFile; fileRef = EDE6DCCC220C5E8E00347D76 /* AppDelegate.swift */; };
		EDE6DCCF220C5E8E00347D76 /* MainViewController.swift in Sources */ = {isa = PBXBuildFile; fileRef = EDE6DCCE220C5E8E00347D76 /* MainViewController.swift */; };
		EDE6DCD2220C5E8E00347D76 /* Main.storyboard in Resources */ = {isa = PBXBuildFile; fileRef = EDE6DCD0220C5E8E00347D76 /* Main.storyboard */; };
		EDE6DCD4220C5E8F00347D76 /* Assets.xcassets in Resources */ = {isa = PBXBuildFile; fileRef = EDE6DCD3220C5E8F00347D76 /* Assets.xcassets */; };
		EDE6DCD7220C5E8F00347D76 /* LaunchScreen.storyboard in Resources */ = {isa = PBXBuildFile; fileRef = EDE6DCD5220C5E8F00347D76 /* LaunchScreen.storyboard */; };
		EDE6DCDF220C7D4A00347D76 /* Species.swift in Sources */ = {isa = PBXBuildFile; fileRef = EDE6DCDE220C7D4A00347D76 /* Species.swift */; };
		EDE6DCE1220D603800347D76 /* Player.swift in Sources */ = {isa = PBXBuildFile; fileRef = EDE6DCE0220D603800347D76 /* Player.swift */; };
		EDE6DCE3220D607F00347D76 /* Stats.swift in Sources */ = {isa = PBXBuildFile; fileRef = EDE6DCE2220D607F00347D76 /* Stats.swift */; };
		EDE6DCE5220D60F500347D76 /* Desc.swift in Sources */ = {isa = PBXBuildFile; fileRef = EDE6DCE4220D60F500347D76 /* Desc.swift */; };
		EDE6DCE9220D988900347D76 /* PlayerView.xib in Resources */ = {isa = PBXBuildFile; fileRef = EDE6DCE8220D988900347D76 /* PlayerView.xib */; };
		EDE6DCEB220D98CD00347D76 /* VersusView.xib in Resources */ = {isa = PBXBuildFile; fileRef = EDE6DCEA220D98CD00347D76 /* VersusView.xib */; };
		EDE6DCED220D9A6B00347D76 /* PlayerCell.xib in Resources */ = {isa = PBXBuildFile; fileRef = EDE6DCEC220D9A6B00347D76 /* PlayerCell.xib */; };
		EDE6DCEF220D9B2500347D76 /* PlayerCell.swift in Sources */ = {isa = PBXBuildFile; fileRef = EDE6DCEE220D9B2500347D76 /* PlayerCell.swift */; };
		EDE6DCF1220D9B9B00347D76 /* PlayersViewController.swift in Sources */ = {isa = PBXBuildFile; fileRef = EDE6DCF0220D9B9B00347D76 /* PlayersViewController.swift */; };
		EDE6DCF3220D9D0800347D76 /* AddButton.swift in Sources */ = {isa = PBXBuildFile; fileRef = EDE6DCF2220D9D0800347D76 /* AddButton.swift */; };
		EDE6DCF5220D9E0900347D76 /* VersusView.swift in Sources */ = {isa = PBXBuildFile; fileRef = EDE6DCF4220D9E0900347D76 /* VersusView.swift */; };
		EDE6DCF7220D9E4100347D76 /* PlayerView.swift in Sources */ = {isa = PBXBuildFile; fileRef = EDE6DCF6220D9E4100347D76 /* PlayerView.swift */; };
/* End PBXBuildFile section */

/* Begin PBXFileReference section */
		EDE6DCC9220C5E8E00347D76 /* W3Stats.app */ = {isa = PBXFileReference; explicitFileType = wrapper.application; includeInIndex = 0; path = W3Stats.app; sourceTree = BUILT_PRODUCTS_DIR; };
		EDE6DCCC220C5E8E00347D76 /* AppDelegate.swift */ = {isa = PBXFileReference; lastKnownFileType = sourcecode.swift; path = AppDelegate.swift; sourceTree = "<group>"; };
		EDE6DCCE220C5E8E00347D76 /* MainViewController.swift */ = {isa = PBXFileReference; lastKnownFileType = sourcecode.swift; path = MainViewController.swift; sourceTree = "<group>"; };
		EDE6DCD1220C5E8E00347D76 /* Base */ = {isa = PBXFileReference; lastKnownFileType = file.storyboard; name = Base; path = Base.lproj/Main.storyboard; sourceTree = "<group>"; };
		EDE6DCD3220C5E8F00347D76 /* Assets.xcassets */ = {isa = PBXFileReference; lastKnownFileType = folder.assetcatalog; path = Assets.xcassets; sourceTree = "<group>"; };
		EDE6DCD6220C5E8F00347D76 /* Base */ = {isa = PBXFileReference; lastKnownFileType = file.storyboard; name = Base; path = Base.lproj/LaunchScreen.storyboard; sourceTree = "<group>"; };
		EDE6DCD8220C5E8F00347D76 /* Info.plist */ = {isa = PBXFileReference; lastKnownFileType = text.plist.xml; path = Info.plist; sourceTree = "<group>"; };
		EDE6DCDE220C7D4A00347D76 /* Species.swift */ = {isa = PBXFileReference; lastKnownFileType = sourcecode.swift; path = Species.swift; sourceTree = "<group>"; };
		EDE6DCE0220D603800347D76 /* Player.swift */ = {isa = PBXFileReference; lastKnownFileType = sourcecode.swift; path = Player.swift; sourceTree = "<group>"; };
		EDE6DCE2220D607F00347D76 /* Stats.swift */ = {isa = PBXFileReference; lastKnownFileType = sourcecode.swift; path = Stats.swift; sourceTree = "<group>"; };
		EDE6DCE4220D60F500347D76 /* Desc.swift */ = {isa = PBXFileReference; lastKnownFileType = sourcecode.swift; path = Desc.swift; sourceTree = "<group>"; };
		EDE6DCE8220D988900347D76 /* PlayerView.xib */ = {isa = PBXFileReference; lastKnownFileType = file.xib; path = PlayerView.xib; sourceTree = "<group>"; };
		EDE6DCEA220D98CD00347D76 /* VersusView.xib */ = {isa = PBXFileReference; lastKnownFileType = file.xib; path = VersusView.xib; sourceTree = "<group>"; };
		EDE6DCEC220D9A6B00347D76 /* PlayerCell.xib */ = {isa = PBXFileReference; lastKnownFileType = file.xib; path = PlayerCell.xib; sourceTree = "<group>"; };
		EDE6DCEE220D9B2500347D76 /* PlayerCell.swift */ = {isa = PBXFileReference; lastKnownFileType = sourcecode.swift; path = PlayerCell.swift; sourceTree = "<group>"; };
		EDE6DCF0220D9B9B00347D76 /* PlayersViewController.swift */ = {isa = PBXFileReference; lastKnownFileType = sourcecode.swift; path = PlayersViewController.swift; sourceTree = "<group>"; };
		EDE6DCF2220D9D0800347D76 /* AddButton.swift */ = {isa = PBXFileReference; lastKnownFileType = sourcecode.swift; path = AddButton.swift; sourceTree = "<group>"; };
		EDE6DCF4220D9E0900347D76 /* VersusView.swift */ = {isa = PBXFileReference; lastKnownFileType = sourcecode.swift; path = VersusView.swift; sourceTree = "<group>"; };
		EDE6DCF6220D9E4100347D76 /* PlayerView.swift */ = {isa = PBXFileReference; lastKnownFileType = sourcecode.swift; path = PlayerView.swift; sourceTree = "<group>"; };
/* End PBXFileReference section */

/* Begin PBXFrameworksBuildPhase section */
		EDE6DCC6220C5E8E00347D76 /* Frameworks */ = {
			isa = PBXFrameworksBuildPhase;
			buildActionMask = 2147483647;
			files = (
			);
			runOnlyForDeploymentPostprocessing = 0;
		};
/* End PBXFrameworksBuildPhase section */

/* Begin PBXGroup section */
		EDE6DCC0220C5E8E00347D76 = {
			isa = PBXGroup;
			children = (
				EDE6DCCB220C5E8E00347D76 /* W3Stats */,
				EDE6DCCA220C5E8E00347D76 /* Products */,
			);
			sourceTree = "<group>";
		};
		EDE6DCCA220C5E8E00347D76 /* Products */ = {
			isa = PBXGroup;
			children = (
				EDE6DCC9220C5E8E00347D76 /* W3Stats.app */,
			);
			name = Products;
			sourceTree = "<group>";
		};
		EDE6DCCB220C5E8E00347D76 /* W3Stats */ = {
			isa = PBXGroup;
			children = (
				EDE6DCF8220DA06000347D76 /* View */,
				EDE6DCF9220DA07600347D76 /* Controller */,
				EDE6DCE7220D89A800347D76 /* Model */,
				EDE6DCE6220D88B000347D76 /* Supporting Files */,
			);
			path = W3Stats;
			sourceTree = "<group>";
		};
		EDE6DCE6220D88B000347D76 /* Supporting Files */ = {
			isa = PBXGroup;
			children = (
				EDE6DCD3220C5E8F00347D76 /* Assets.xcassets */,
				EDE6DCCC220C5E8E00347D76 /* AppDelegate.swift */,
				EDE6DCD5220C5E8F00347D76 /* LaunchScreen.storyboard */,
				EDE6DCD8220C5E8F00347D76 /* Info.plist */,
			);
			path = "Supporting Files";
			sourceTree = "<group>";
		};
		EDE6DCE7220D89A800347D76 /* Model */ = {
			isa = PBXGroup;
			children = (
				EDE6DCE0220D603800347D76 /* Player.swift */,
				EDE6DCE2220D607F00347D76 /* Stats.swift */,
				EDE6DCE4220D60F500347D76 /* Desc.swift */,
				EDE6DCDE220C7D4A00347D76 /* Species.swift */,
			);
			path = Model;
			sourceTree = "<group>";
		};
		EDE6DCF8220DA06000347D76 /* View */ = {
			isa = PBXGroup;
			children = (
				EDE6DCD0220C5E8E00347D76 /* Main.storyboard */,
				EDE6DCE8220D988900347D76 /* PlayerView.xib */,
				EDE6DCF6220D9E4100347D76 /* PlayerView.swift */,
				EDE6DCEA220D98CD00347D76 /* VersusView.xib */,
				EDE6DCF4220D9E0900347D76 /* VersusView.swift */,
				EDE6DCEC220D9A6B00347D76 /* PlayerCell.xib */,
				EDE6DCEE220D9B2500347D76 /* PlayerCell.swift */,
				EDE6DCF2220D9D0800347D76 /* AddButton.swift */,
			);
			path = View;
			sourceTree = "<group>";
		};
		EDE6DCF9220DA07600347D76 /* Controller */ = {
			isa = PBXGroup;
			children = (
				EDE6DCCE220C5E8E00347D76 /* MainViewController.swift */,
				EDE6DCF0220D9B9B00347D76 /* PlayersViewController.swift */,
			);
			path = Controller;
			sourceTree = "<group>";
		};
/* End PBXGroup section */

/* Begin PBXNativeTarget section */
		EDE6DCC8220C5E8E00347D76 /* W3Stats */ = {
			isa = PBXNativeTarget;
			buildConfigurationList = EDE6DCDB220C5E8F00347D76 /* Build configuration list for PBXNativeTarget "W3Stats" */;
			buildPhases = (
				EDE6DCC5220C5E8E00347D76 /* Sources */,
				EDE6DCC6220C5E8E00347D76 /* Frameworks */,
				EDE6DCC7220C5E8E00347D76 /* Resources */,
			);
			buildRules = (
			);
			dependencies = (
			);
			name = W3Stats;
			productName = W3Stats;
			productReference = EDE6DCC9220C5E8E00347D76 /* W3Stats.app */;
			productType = "com.apple.product-type.application";
		};
/* End PBXNativeTarget section */

/* Begin PBXProject section */
		EDE6DCC1220C5E8E00347D76 /* Project object */ = {
			isa = PBXProject;
			attributes = {
				LastSwiftUpdateCheck = 1010;
				LastUpgradeCheck = 1010;
				ORGANIZATIONNAME = "Németh Bendegúz";
				TargetAttributes = {
					EDE6DCC8220C5E8E00347D76 = {
						CreatedOnToolsVersion = 10.1;
					};
				};
			};
			buildConfigurationList = EDE6DCC4220C5E8E00347D76 /* Build configuration list for PBXProject "W3Stats" */;
			compatibilityVersion = "Xcode 9.3";
			developmentRegion = en;
			hasScannedForEncodings = 0;
			knownRegions = (
				en,
				Base,
			);
			mainGroup = EDE6DCC0220C5E8E00347D76;
			productRefGroup = EDE6DCCA220C5E8E00347D76 /* Products */;
			projectDirPath = "";
			projectRoot = "";
			targets = (
				EDE6DCC8220C5E8E00347D76 /* W3Stats */,
			);
		};
/* End PBXProject section */

/* Begin PBXResourcesBuildPhase section */
		EDE6DCC7220C5E8E00347D76 /* Resources */ = {
			isa = PBXResourcesBuildPhase;
			buildActionMask = 2147483647;
			files = (
				EDE6DCED220D9A6B00347D76 /* PlayerCell.xib in Resources */,
				EDE6DCD7220C5E8F00347D76 /* LaunchScreen.storyboard in Resources */,
				EDE6DCD4220C5E8F00347D76 /* Assets.xcassets in Resources */,
				EDE6DCD2220C5E8E00347D76 /* Main.storyboard in Resources */,
				EDE6DCEB220D98CD00347D76 /* VersusView.xib in Resources */,
				EDE6DCE9220D988900347D76 /* PlayerView.xib in Resources */,
			);
			runOnlyForDeploymentPostprocessing = 0;
		};
/* End PBXResourcesBuildPhase section */

/* Begin PBXSourcesBuildPhase section */
		EDE6DCC5220C5E8E00347D76 /* Sources */ = {
			isa = PBXSourcesBuildPhase;
			buildActionMask = 2147483647;
			files = (
				EDE6DCE1220D603800347D76 /* Player.swift in Sources */,
				EDE6DCE3220D607F00347D76 /* Stats.swift in Sources */,
				EDE6DCEF220D9B2500347D76 /* PlayerCell.swift in Sources */,
				EDE6DCF7220D9E4100347D76 /* PlayerView.swift in Sources */,
				EDE6DCF3220D9D0800347D76 /* AddButton.swift in Sources */,
				EDE6DCF5220D9E0900347D76 /* VersusView.swift in Sources */,
				EDE6DCE5220D60F500347D76 /* Desc.swift in Sources */,
				EDE6DCCF220C5E8E00347D76 /* MainViewController.swift in Sources */,
				EDE6DCF1220D9B9B00347D76 /* PlayersViewController.swift in Sources */,
				EDE6DCDF220C7D4A00347D76 /* Species.swift in Sources */,
				EDE6DCCD220C5E8E00347D76 /* AppDelegate.swift in Sources */,
			);
			runOnlyForDeploymentPostprocessing = 0;
		};
/* End PBXSourcesBuildPhase section */

/* Begin PBXVariantGroup section */
		EDE6DCD0220C5E8E00347D76 /* Main.storyboard */ = {
			isa = PBXVariantGroup;
			children = (
				EDE6DCD1220C5E8E00347D76 /* Base */,
			);
			name = Main.storyboard;
			sourceTree = "<group>";
		};
		EDE6DCD5220C5E8F00347D76 /* LaunchScreen.storyboard */ = {
			isa = PBXVariantGroup;
			children = (
				EDE6DCD6220C5E8F00347D76 /* Base */,
			);
			name = LaunchScreen.storyboard;
			sourceTree = "<group>";
		};
/* End PBXVariantGroup section */

/* Begin XCBuildConfiguration section */
		EDE6DCD9220C5E8F00347D76 /* Debug */ = {
			isa = XCBuildConfiguration;
			buildSettings = {
				ALWAYS_SEARCH_USER_PATHS = NO;
				CLANG_ANALYZER_NONNULL = YES;
				CLANG_ANALYZER_NUMBER_OBJECT_CONVERSION = YES_AGGRESSIVE;
				CLANG_CXX_LANGUAGE_STANDARD = "gnu++14";
				CLANG_CXX_LIBRARY = "libc++";
				CLANG_ENABLE_MODULES = YES;
				CLANG_ENABLE_OBJC_ARC = YES;
				CLANG_ENABLE_OBJC_WEAK = YES;
				CLANG_WARN_BLOCK_CAPTURE_AUTORELEASING = YES;
				CLANG_WARN_BOOL_CONVERSION = YES;
				CLANG_WARN_COMMA = YES;
				CLANG_WARN_CONSTANT_CONVERSION = YES;
				CLANG_WARN_DEPRECATED_OBJC_IMPLEMENTATIONS = YES;
				CLANG_WARN_DIRECT_OBJC_ISA_USAGE = YES_ERROR;
				CLANG_WARN_DOCUMENTATION_COMMENTS = YES;
				CLANG_WARN_EMPTY_BODY = YES;
				CLANG_WARN_ENUM_CONVERSION = YES;
				CLANG_WARN_INFINITE_RECURSION = YES;
				CLANG_WARN_INT_CONVERSION = YES;
				CLANG_WARN_NON_LITERAL_NULL_CONVERSION = YES;
				CLANG_WARN_OBJC_IMPLICIT_RETAIN_SELF = YES;
				CLANG_WARN_OBJC_LITERAL_CONVERSION = YES;
				CLANG_WARN_OBJC_ROOT_CLASS = YES_ERROR;
				CLANG_WARN_RANGE_LOOP_ANALYSIS = YES;
				CLANG_WARN_STRICT_PROTOTYPES = YES;
				CLANG_WARN_SUSPICIOUS_MOVE = YES;
				CLANG_WARN_UNGUARDED_AVAILABILITY = YES_AGGRESSIVE;
				CLANG_WARN_UNREACHABLE_CODE = YES;
				CLANG_WARN__DUPLICATE_METHOD_MATCH = YES;
				CODE_SIGN_IDENTITY = "iPhone Developer";
				COPY_PHASE_STRIP = NO;
				DEBUG_INFORMATION_FORMAT = dwarf;
				ENABLE_STRICT_OBJC_MSGSEND = YES;
				ENABLE_TESTABILITY = YES;
				GCC_C_LANGUAGE_STANDARD = gnu11;
				GCC_DYNAMIC_NO_PIC = NO;
				GCC_NO_COMMON_BLOCKS = YES;
				GCC_OPTIMIZATION_LEVEL = 0;
				GCC_PREPROCESSOR_DEFINITIONS = (
					"DEBUG=1",
					"$(inherited)",
				);
				GCC_WARN_64_TO_32_BIT_CONVERSION = YES;
				GCC_WARN_ABOUT_RETURN_TYPE = YES_ERROR;
				GCC_WARN_UNDECLARED_SELECTOR = YES;
				GCC_WARN_UNINITIALIZED_AUTOS = YES_AGGRESSIVE;
				GCC_WARN_UNUSED_FUNCTION = YES;
				GCC_WARN_UNUSED_VARIABLE = YES;
				IPHONEOS_DEPLOYMENT_TARGET = 12.1;
				MTL_ENABLE_DEBUG_INFO = INCLUDE_SOURCE;
				MTL_FAST_MATH = YES;
				ONLY_ACTIVE_ARCH = YES;
				SDKROOT = iphoneos;
				SWIFT_ACTIVE_COMPILATION_CONDITIONS = DEBUG;
				SWIFT_OPTIMIZATION_LEVEL = "-Onone";
			};
			name = Debug;
		};
		EDE6DCDA220C5E8F00347D76 /* Release */ = {
			isa = XCBuildConfiguration;
			buildSettings = {
				ALWAYS_SEARCH_USER_PATHS = NO;
				CLANG_ANALYZER_NONNULL = YES;
				CLANG_ANALYZER_NUMBER_OBJECT_CONVERSION = YES_AGGRESSIVE;
				CLANG_CXX_LANGUAGE_STANDARD = "gnu++14";
				CLANG_CXX_LIBRARY = "libc++";
				CLANG_ENABLE_MODULES = YES;
				CLANG_ENABLE_OBJC_ARC = YES;
				CLANG_ENABLE_OBJC_WEAK = YES;
				CLANG_WARN_BLOCK_CAPTURE_AUTORELEASING = YES;
				CLANG_WARN_BOOL_CONVERSION = YES;
				CLANG_WARN_COMMA = YES;
				CLANG_WARN_CONSTANT_CONVERSION = YES;
				CLANG_WARN_DEPRECATED_OBJC_IMPLEMENTATIONS = YES;
				CLANG_WARN_DIRECT_OBJC_ISA_USAGE = YES_ERROR;
				CLANG_WARN_DOCUMENTATION_COMMENTS = YES;
				CLANG_WARN_EMPTY_BODY = YES;
				CLANG_WARN_ENUM_CONVERSION = YES;
				CLANG_WARN_INFINITE_RECURSION = YES;
				CLANG_WARN_INT_CONVERSION = YES;
				CLANG_WARN_NON_LITERAL_NULL_CONVERSION = YES;
				CLANG_WARN_OBJC_IMPLICIT_RETAIN_SELF = YES;
				CLANG_WARN_OBJC_LITERAL_CONVERSION = YES;
				CLANG_WARN_OBJC_ROOT_CLASS = YES_ERROR;
				CLANG_WARN_RANGE_LOOP_ANALYSIS = YES;
				CLANG_WARN_STRICT_PROTOTYPES = YES;
				CLANG_WARN_SUSPICIOUS_MOVE = YES;
				CLANG_WARN_UNGUARDED_AVAILABILITY = YES_AGGRESSIVE;
				CLANG_WARN_UNREACHABLE_CODE = YES;
				CLANG_WARN__DUPLICATE_METHOD_MATCH = YES;
				CODE_SIGN_IDENTITY = "iPhone Developer";
				COPY_PHASE_STRIP = NO;
				DEBUG_INFORMATION_FORMAT = "dwarf-with-dsym";
				ENABLE_NS_ASSERTIONS = NO;
				ENABLE_STRICT_OBJC_MSGSEND = YES;
				GCC_C_LANGUAGE_STANDARD = gnu11;
				GCC_NO_COMMON_BLOCKS = YES;
				GCC_WARN_64_TO_32_BIT_CONVERSION = YES;
				GCC_WARN_ABOUT_RETURN_TYPE = YES_ERROR;
				GCC_WARN_UNDECLARED_SELECTOR = YES;
				GCC_WARN_UNINITIALIZED_AUTOS = YES_AGGRESSIVE;
				GCC_WARN_UNUSED_FUNCTION = YES;
				GCC_WARN_UNUSED_VARIABLE = YES;
				IPHONEOS_DEPLOYMENT_TARGET = 12.1;
				MTL_ENABLE_DEBUG_INFO = NO;
				MTL_FAST_MATH = YES;
				SDKROOT = iphoneos;
				SWIFT_COMPILATION_MODE = wholemodule;
				SWIFT_OPTIMIZATION_LEVEL = "-O";
				VALIDATE_PRODUCT = YES;
			};
			name = Release;
		};
		EDE6DCDC220C5E8F00347D76 /* Debug */ = {
			isa = XCBuildConfiguration;
			buildSettings = {
				ASSETCATALOG_COMPILER_APPICON_NAME = AppIcon;
				CODE_SIGN_STYLE = Automatic;
				DEVELOPMENT_TEAM = 239F6BX84Y;
				INFOPLIST_FILE = "$(SRCROOT)/W3Stats/Supporting Files/Info.plist";
				IPHONEOS_DEPLOYMENT_TARGET = 11.0;
				LD_RUNPATH_SEARCH_PATHS = (
					"$(inherited)",
					"@executable_path/Frameworks",
				);
				PRODUCT_BUNDLE_IDENTIFIER = com.bendeguz.nemeth.W3Stats;
				PRODUCT_NAME = "$(TARGET_NAME)";
				SWIFT_VERSION = 4.2;
				TARGETED_DEVICE_FAMILY = 1;
			};
			name = Debug;
		};
		EDE6DCDD220C5E8F00347D76 /* Release */ = {
			isa = XCBuildConfiguration;
			buildSettings = {
				ASSETCATALOG_COMPILER_APPICON_NAME = AppIcon;
				CODE_SIGN_STYLE = Automatic;
				DEVELOPMENT_TEAM = 239F6BX84Y;
				INFOPLIST_FILE = "$(SRCROOT)/W3Stats/Supporting Files/Info.plist";
				IPHONEOS_DEPLOYMENT_TARGET = 11.0;
				LD_RUNPATH_SEARCH_PATHS = (
					"$(inherited)",
					"@executable_path/Frameworks",
				);
				PRODUCT_BUNDLE_IDENTIFIER = com.bendeguz.nemeth.W3Stats;
				PRODUCT_NAME = "$(TARGET_NAME)";
				SWIFT_VERSION = 4.2;
				TARGETED_DEVICE_FAMILY = 1;
			};
			name = Release;
		};
/* End XCBuildConfiguration section */

/* Begin XCConfigurationList section */
		EDE6DCC4220C5E8E00347D76 /* Build configuration list for PBXProject "W3Stats" */ = {
			isa = XCConfigurationList;
			buildConfigurations = (
				EDE6DCD9220C5E8F00347D76 /* Debug */,
				EDE6DCDA220C5E8F00347D76 /* Release */,
			);
			defaultConfigurationIsVisible = 0;
			defaultConfigurationName = Release;
		};
		EDE6DCDB220C5E8F00347D76 /* Build configuration list for PBXNativeTarget "W3Stats" */ = {
			isa = XCConfigurationList;
			buildConfigurations = (
				EDE6DCDC220C5E8F00347D76 /* Debug */,
				EDE6DCDD220C5E8F00347D76 /* Release */,
			);
			defaultConfigurationIsVisible = 0;
			defaultConfigurationName = Release;
		};
/* End XCConfigurationList section */
	};
	rootObject = EDE6DCC1220C5E8E00347D76 /* Project object */;
}
